
Microsoft Visual Studio Solution File, Format Version 12.00
# Visual Studio Version 17
VisualStudioVersion = 17.8.34330.188
MinimumVisualStudioVersion = 10.0.40219.1
Project("{9A19103F-16F7-4668-BE54-9A1E7A4F7556}") = "LocaSubs", "LocaSubs\LocaSubs.csproj", "{F47B922E-D96D-4CE7-9C4D-746C1C39AF09}"
EndProject
Project("{9A19103F-16F7-4668-BE54-9A1E7A4F7556}") = "LocaSubs.DataAccess", "LocaSubs.DataAccess\LocaSubs.DataAccess.csproj", "{A09F5E2A-FD88-49B3-AF37-43B7F37AFDF3}"
EndProject
Project("{9A19103F-16F7-4668-BE54-9A1E7A4F7556}") = "LocaSubs.External", "External\LocaSubs.External.csproj", "{9B671FB9-0198-44C5-97EC-8C2E2E34254D}"
EndProject
Project("{FAE04EC0-301F-11D3-BF4B-00C04F79EFBC}") = "LocaSubs.Models", "LocaSubs.Models\LocaSubs.Models.csproj", "{FE7E97BC-592F-4E9E-AC02-9E900283A720}"
EndProject
Global
	GlobalSection(SolutionConfigurationPlatforms) = preSolution
		Debug|Any CPU = Debug|Any CPU
		Release|Any CPU = Release|Any CPU
	EndGlobalSection
	GlobalSection(ProjectConfigurationPlatforms) = postSolution
		{F47B922E-D96D-4CE7-9C4D-746C1C39AF09}.Debug|Any CPU.ActiveCfg = Debug|Any CPU
		{F47B922E-D96D-4CE7-9C4D-746C1C39AF09}.Debug|Any CPU.Build.0 = Debug|Any CPU
		{F47B922E-D96D-4CE7-9C4D-746C1C39AF09}.Release|Any CPU.ActiveCfg = Release|Any CPU
		{F47B922E-D96D-4CE7-9C4D-746C1C39AF09}.Release|Any CPU.Build.0 = Release|Any CPU
		{A09F5E2A-FD88-49B3-AF37-43B7F37AFDF3}.Debug|Any CPU.ActiveCfg = Debug|Any CPU
		{A09F5E2A-FD88-49B3-AF37-43B7F37AFDF3}.Debug|Any CPU.Build.0 = Debug|Any CPU
		{A09F5E2A-FD88-49B3-AF37-43B7F37AFDF3}.Release|Any CPU.ActiveCfg = Release|Any CPU
		{A09F5E2A-FD88-49B3-AF37-43B7F37AFDF3}.Release|Any CPU.Build.0 = Release|Any CPU
		{9B671FB9-0198-44C5-97EC-8C2E2E34254D}.Debug|Any CPU.ActiveCfg = Debug|Any CPU
		{9B671FB9-0198-44C5-97EC-8C2E2E34254D}.Debug|Any CPU.Build.0 = Debug|Any CPU
		{9B671FB9-0198-44C5-97EC-8C2E2E34254D}.Release|Any CPU.ActiveCfg = Release|Any CPU
		{9B671FB9-0198-44C5-97EC-8C2E2E34254D}.Release|Any CPU.Build.0 = Release|Any CPU
		{FE7E97BC-592F-4E9E-AC02-9E900283A720}.Debug|Any CPU.ActiveCfg = Debug|Any CPU
		{FE7E97BC-592F-4E9E-AC02-9E900283A720}.Debug|Any CPU.Build.0 = Debug|Any CPU
		{FE7E97BC-592F-4E9E-AC02-9E900283A720}.Release|Any CPU.ActiveCfg = Release|Any CPU
		{FE7E97BC-592F-4E9E-AC02-9E900283A720}.Release|Any CPU.Build.0 = Release|Any CPU
	EndGlobalSection
	GlobalSection(SolutionProperties) = preSolution
		HideSolutionNode = FALSE
	EndGlobalSection
	GlobalSection(ExtensibilityGlobals) = postSolution
		SolutionGuid = {E625954C-8730-4887-B829-50AFAF7A195C}
	EndGlobalSection
EndGlobal
